// !$*UTF8*$!
{
	archiveVersion = 1;
	classes = {
	};
	objectVersion = 56;
	objects = {

/* Begin PBXBuildFile section */
		790B96812BC6E8D700BD52FD /* Passes.swift in Sources */ = {isa = PBXBuildFile; fileRef = 790B966D2BC6E8D700BD52FD /* Passes.swift */; };
		790B96822BC6E8D700BD52FD /* Shots.swift in Sources */ = {isa = PBXBuildFile; fileRef = 790B966E2BC6E8D700BD52FD /* Shots.swift */; };
		790B96842BC6E8D700BD52FD /* Statistics.swift in Sources */ = {isa = PBXBuildFile; fileRef = 790B96702BC6E8D700BD52FD /* Statistics.swift */; };
		790B96852BC6E8D700BD52FD /* Duels.swift in Sources */ = {isa = PBXBuildFile; fileRef = 790B96712BC6E8D700BD52FD /* Duels.swift */; };
		790B96862BC6E8D700BD52FD /* Player.swift in Sources */ = {isa = PBXBuildFile; fileRef = 790B96722BC6E8D700BD52FD /* Player.swift */; };
		790B96872BC6E8D700BD52FD /* Cards.swift in Sources */ = {isa = PBXBuildFile; fileRef = 790B96732BC6E8D700BD52FD /* Cards.swift */; };
		790B96882BC6E8D700BD52FD /* Penalty.swift in Sources */ = {isa = PBXBuildFile; fileRef = 790B96742BC6E8D700BD52FD /* Penalty.swift */; };
		790B96892BC6E8D700BD52FD /* Fouls.swift in Sources */ = {isa = PBXBuildFile; fileRef = 790B96752BC6E8D700BD52FD /* Fouls.swift */; };
		790B968A2BC6E8D700BD52FD /* Birth.swift in Sources */ = {isa = PBXBuildFile; fileRef = 790B96762BC6E8D700BD52FD /* Birth.swift */; };
		790B968B2BC6E8D700BD52FD /* Tackles.swift in Sources */ = {isa = PBXBuildFile; fileRef = 790B96772BC6E8D700BD52FD /* Tackles.swift */; };
		790B968C2BC6E8D700BD52FD /* Dribbles.swift in Sources */ = {isa = PBXBuildFile; fileRef = 790B96782BC6E8D700BD52FD /* Dribbles.swift */; };
		790B968E2BC6E8D700BD52FD /* Games.swift in Sources */ = {isa = PBXBuildFile; fileRef = 790B967A2BC6E8D700BD52FD /* Games.swift */; };
		790B968F2BC6E8D700BD52FD /* Substitutes.swift in Sources */ = {isa = PBXBuildFile; fileRef = 790B967B2BC6E8D700BD52FD /* Substitutes.swift */; };
		790B96912BC6E8D700BD52FD /* Goals.swift in Sources */ = {isa = PBXBuildFile; fileRef = 790B967D2BC6E8D700BD52FD /* Goals.swift */; };
		790B96932BC6E93800BD52FD /* PlayerJson.swift in Sources */ = {isa = PBXBuildFile; fileRef = 790B96922BC6E93800BD52FD /* PlayerJson.swift */; };
		790B96962BC6E99100BD52FD /* PlayerResponse.swift in Sources */ = {isa = PBXBuildFile; fileRef = 790B96942BC6E99100BD52FD /* PlayerResponse.swift */; };
		790B96972BC6E99100BD52FD /* PlayerPaging.swift in Sources */ = {isa = PBXBuildFile; fileRef = 790B96952BC6E99100BD52FD /* PlayerPaging.swift */; };
		790B96A02BC6E9EE00BD52FD /* SquadPaging.swift in Sources */ = {isa = PBXBuildFile; fileRef = 790B969A2BC6E9EE00BD52FD /* SquadPaging.swift */; };
		790B96A12BC6E9EE00BD52FD /* SquadResponse.swift in Sources */ = {isa = PBXBuildFile; fileRef = 790B969B2BC6E9EE00BD52FD /* SquadResponse.swift */; };
		790B96A32BC6E9EE00BD52FD /* Players.swift in Sources */ = {isa = PBXBuildFile; fileRef = 790B969D2BC6E9EE00BD52FD /* Players.swift */; };
		790B96A42BC6E9EE00BD52FD /* SquadJson.swift in Sources */ = {isa = PBXBuildFile; fileRef = 790B969E2BC6E9EE00BD52FD /* SquadJson.swift */; };
		790B96A72BC6EA3200BD52FD /* SquadParameters.swift in Sources */ = {isa = PBXBuildFile; fileRef = 790B96A62BC6EA3200BD52FD /* SquadParameters.swift */; };
		790B96A92BC6EA4E00BD52FD /* PlayerParameters.swift in Sources */ = {isa = PBXBuildFile; fileRef = 790B96A82BC6EA4E00BD52FD /* PlayerParameters.swift */; };
		790B96AB2BC6EA6A00BD52FD /* GraphView.swift in Sources */ = {isa = PBXBuildFile; fileRef = 790B96AA2BC6EA6A00BD52FD /* GraphView.swift */; };
		790B96B22BC6EAB100BD52FD /* TeamJson.swift in Sources */ = {isa = PBXBuildFile; fileRef = 790B96AC2BC6EAB100BD52FD /* TeamJson.swift */; };
		790B96B32BC6EAB100BD52FD /* TeamParameters.swift in Sources */ = {isa = PBXBuildFile; fileRef = 790B96AD2BC6EAB100BD52FD /* TeamParameters.swift */; };
		790B96B42BC6EAB100BD52FD /* TeamPaging.swift in Sources */ = {isa = PBXBuildFile; fileRef = 790B96AE2BC6EAB100BD52FD /* TeamPaging.swift */; };
		790B96B52BC6EAB100BD52FD /* TeamResponse.swift in Sources */ = {isa = PBXBuildFile; fileRef = 790B96AF2BC6EAB100BD52FD /* TeamResponse.swift */; };
		790B96B62BC6EAB100BD52FD /* Venue.swift in Sources */ = {isa = PBXBuildFile; fileRef = 790B96B02BC6EAB100BD52FD /* Venue.swift */; };
		790B96B72BC6EAB100BD52FD /* Team.swift in Sources */ = {isa = PBXBuildFile; fileRef = 790B96B12BC6EAB100BD52FD /* Team.swift */; };
		790C5B632BC245950068F05F /* PreferencesView.swift in Sources */ = {isa = PBXBuildFile; fileRef = 790C5B622BC245950068F05F /* PreferencesView.swift */; };
		790C5B662BC246470068F05F /* PreferencesController.swift in Sources */ = {isa = PBXBuildFile; fileRef = 790C5B652BC246470068F05F /* PreferencesController.swift */; };
		790C5B692BC246B10068F05F /* UserDefaults_apiKey.swift in Sources */ = {isa = PBXBuildFile; fileRef = 790C5B682BC246B10068F05F /* UserDefaults_apiKey.swift */; };
		791263702BBBA410003C78AF /* StatisticsTable.swift in Sources */ = {isa = PBXBuildFile; fileRef = 7912636F2BBBA410003C78AF /* StatisticsTable.swift */; };
		791263722BBBA490003C78AF /* ViewModel.swift in Sources */ = {isa = PBXBuildFile; fileRef = 791263712BBBA490003C78AF /* ViewModel.swift */; };
		79192D552BB7918C00151D6F /* footballviewerApp.swift in Sources */ = {isa = PBXBuildFile; fileRef = 79192D542BB7918C00151D6F /* footballviewerApp.swift */; };
		79192D572BB7918C00151D6F /* ContentView.swift in Sources */ = {isa = PBXBuildFile; fileRef = 79192D562BB7918C00151D6F /* ContentView.swift */; };
		79192D592BB7918D00151D6F /* Assets.xcassets in Resources */ = {isa = PBXBuildFile; fileRef = 79192D582BB7918D00151D6F /* Assets.xcassets */; };
		79192D5C2BB7918D00151D6F /* Preview Assets.xcassets in Resources */ = {isa = PBXBuildFile; fileRef = 79192D5B2BB7918D00151D6F /* Preview Assets.xcassets */; };
		7923969D2BC2FAE7003DC58A /* League.swift in Sources */ = {isa = PBXBuildFile; fileRef = 792396952BC2FAE7003DC58A /* League.swift */; };
		7923969E2BC2FAE7003DC58A /* Fixtures.swift in Sources */ = {isa = PBXBuildFile; fileRef = 792396962BC2FAE7003DC58A /* Fixtures.swift */; };
		7923969F2BC2FAE7003DC58A /* Paging.swift in Sources */ = {isa = PBXBuildFile; fileRef = 792396972BC2FAE7003DC58A /* Paging.swift */; };
		792396A02BC2FAE7003DC58A /* Coverage.swift in Sources */ = {isa = PBXBuildFile; fileRef = 792396982BC2FAE7003DC58A /* Coverage.swift */; };
		792396A12BC2FAE7003DC58A /* Seasons.swift in Sources */ = {isa = PBXBuildFile; fileRef = 792396992BC2FAE7003DC58A /* Seasons.swift */; };
		792396A22BC2FAE7003DC58A /* Country.swift in Sources */ = {isa = PBXBuildFile; fileRef = 7923969A2BC2FAE7003DC58A /* Country.swift */; };
		792396A42BC2FAE7003DC58A /* Response.swift in Sources */ = {isa = PBXBuildFile; fileRef = 7923969C2BC2FAE7003DC58A /* Response.swift */; };
		7947C1ED2BCAE8B60056AE64 /* data in Resources */ = {isa = PBXBuildFile; fileRef = 7947C1EC2BCAE8B60056AE64 /* data */; };
		7972E1082BC9E87D001B1205 /* PlayerLeague.swift in Sources */ = {isa = PBXBuildFile; fileRef = 7972E1072BC9E87D001B1205 /* PlayerLeague.swift */; };
		7972E10A2BC9EABE001B1205 /* PlayerTeam.swift in Sources */ = {isa = PBXBuildFile; fileRef = 7972E1092BC9EABD001B1205 /* PlayerTeam.swift */; };
		7972E10C2BC9EAED001B1205 /* SquadTeam.swift in Sources */ = {isa = PBXBuildFile; fileRef = 7972E10B2BC9EAED001B1205 /* SquadTeam.swift */; };
		7972E11E2BCA29CB001B1205 /* LeagueJson.swift in Sources */ = {isa = PBXBuildFile; fileRef = 7972E11D2BCA29CB001B1205 /* LeagueJson.swift */; };
/* End PBXBuildFile section */

/* Begin PBXFileReference section */
		790B966D2BC6E8D700BD52FD /* Passes.swift */ = {isa = PBXFileReference; fileEncoding = 4; lastKnownFileType = sourcecode.swift; path = Passes.swift; sourceTree = "<group>"; };
		790B966E2BC6E8D700BD52FD /* Shots.swift */ = {isa = PBXFileReference; fileEncoding = 4; lastKnownFileType = sourcecode.swift; path = Shots.swift; sourceTree = "<group>"; };
		790B96702BC6E8D700BD52FD /* Statistics.swift */ = {isa = PBXFileReference; fileEncoding = 4; lastKnownFileType = sourcecode.swift; path = Statistics.swift; sourceTree = "<group>"; };
		790B96712BC6E8D700BD52FD /* Duels.swift */ = {isa = PBXFileReference; fileEncoding = 4; lastKnownFileType = sourcecode.swift; path = Duels.swift; sourceTree = "<group>"; };
		790B96722BC6E8D700BD52FD /* Player.swift */ = {isa = PBXFileReference; fileEncoding = 4; lastKnownFileType = sourcecode.swift; path = Player.swift; sourceTree = "<group>"; };
		790B96732BC6E8D700BD52FD /* Cards.swift */ = {isa = PBXFileReference; fileEncoding = 4; lastKnownFileType = sourcecode.swift; path = Cards.swift; sourceTree = "<group>"; };
		790B96742BC6E8D700BD52FD /* Penalty.swift */ = {isa = PBXFileReference; fileEncoding = 4; lastKnownFileType = sourcecode.swift; path = Penalty.swift; sourceTree = "<group>"; };
		790B96752BC6E8D700BD52FD /* Fouls.swift */ = {isa = PBXFileReference; fileEncoding = 4; lastKnownFileType = sourcecode.swift; path = Fouls.swift; sourceTree = "<group>"; };
		790B96762BC6E8D700BD52FD /* Birth.swift */ = {isa = PBXFileReference; fileEncoding = 4; lastKnownFileType = sourcecode.swift; path = Birth.swift; sourceTree = "<group>"; };
		790B96772BC6E8D700BD52FD /* Tackles.swift */ = {isa = PBXFileReference; fileEncoding = 4; lastKnownFileType = sourcecode.swift; path = Tackles.swift; sourceTree = "<group>"; };
		790B96782BC6E8D700BD52FD /* Dribbles.swift */ = {isa = PBXFileReference; fileEncoding = 4; lastKnownFileType = sourcecode.swift; path = Dribbles.swift; sourceTree = "<group>"; };
		790B967A2BC6E8D700BD52FD /* Games.swift */ = {isa = PBXFileReference; fileEncoding = 4; lastKnownFileType = sourcecode.swift; path = Games.swift; sourceTree = "<group>"; };
		790B967B2BC6E8D700BD52FD /* Substitutes.swift */ = {isa = PBXFileReference; fileEncoding = 4; lastKnownFileType = sourcecode.swift; path = Substitutes.swift; sourceTree = "<group>"; };
		790B967D2BC6E8D700BD52FD /* Goals.swift */ = {isa = PBXFileReference; fileEncoding = 4; lastKnownFileType = sourcecode.swift; path = Goals.swift; sourceTree = "<group>"; };
		790B96922BC6E93800BD52FD /* PlayerJson.swift */ = {isa = PBXFileReference; fileEncoding = 4; lastKnownFileType = sourcecode.swift; path = PlayerJson.swift; sourceTree = "<group>"; };
		790B96942BC6E99100BD52FD /* PlayerResponse.swift */ = {isa = PBXFileReference; fileEncoding = 4; lastKnownFileType = sourcecode.swift; path = PlayerResponse.swift; sourceTree = "<group>"; };
		790B96952BC6E99100BD52FD /* PlayerPaging.swift */ = {isa = PBXFileReference; fileEncoding = 4; lastKnownFileType = sourcecode.swift; path = PlayerPaging.swift; sourceTree = "<group>"; };
		790B969A2BC6E9EE00BD52FD /* SquadPaging.swift */ = {isa = PBXFileReference; fileEncoding = 4; lastKnownFileType = sourcecode.swift; path = SquadPaging.swift; sourceTree = "<group>"; };
		790B969B2BC6E9EE00BD52FD /* SquadResponse.swift */ = {isa = PBXFileReference; fileEncoding = 4; lastKnownFileType = sourcecode.swift; path = SquadResponse.swift; sourceTree = "<group>"; };
		790B969D2BC6E9EE00BD52FD /* Players.swift */ = {isa = PBXFileReference; fileEncoding = 4; lastKnownFileType = sourcecode.swift; path = Players.swift; sourceTree = "<group>"; };
		790B969E2BC6E9EE00BD52FD /* SquadJson.swift */ = {isa = PBXFileReference; fileEncoding = 4; lastKnownFileType = sourcecode.swift; path = SquadJson.swift; sourceTree = "<group>"; };
		790B96A62BC6EA3200BD52FD /* SquadParameters.swift */ = {isa = PBXFileReference; fileEncoding = 4; lastKnownFileType = sourcecode.swift; path = SquadParameters.swift; sourceTree = "<group>"; };
		790B96A82BC6EA4E00BD52FD /* PlayerParameters.swift */ = {isa = PBXFileReference; fileEncoding = 4; lastKnownFileType = sourcecode.swift; path = PlayerParameters.swift; sourceTree = "<group>"; };
		790B96AA2BC6EA6A00BD52FD /* GraphView.swift */ = {isa = PBXFileReference; lastKnownFileType = sourcecode.swift; path = GraphView.swift; sourceTree = "<group>"; };
		790B96AC2BC6EAB100BD52FD /* TeamJson.swift */ = {isa = PBXFileReference; fileEncoding = 4; lastKnownFileType = sourcecode.swift; path = TeamJson.swift; sourceTree = "<group>"; };
		790B96AD2BC6EAB100BD52FD /* TeamParameters.swift */ = {isa = PBXFileReference; fileEncoding = 4; lastKnownFileType = sourcecode.swift; path = TeamParameters.swift; sourceTree = "<group>"; };
		790B96AE2BC6EAB100BD52FD /* TeamPaging.swift */ = {isa = PBXFileReference; fileEncoding = 4; lastKnownFileType = sourcecode.swift; path = TeamPaging.swift; sourceTree = "<group>"; };
		790B96AF2BC6EAB100BD52FD /* TeamResponse.swift */ = {isa = PBXFileReference; fileEncoding = 4; lastKnownFileType = sourcecode.swift; path = TeamResponse.swift; sourceTree = "<group>"; };
		790B96B02BC6EAB100BD52FD /* Venue.swift */ = {isa = PBXFileReference; fileEncoding = 4; lastKnownFileType = sourcecode.swift; path = Venue.swift; sourceTree = "<group>"; };
		790B96B12BC6EAB100BD52FD /* Team.swift */ = {isa = PBXFileReference; fileEncoding = 4; lastKnownFileType = sourcecode.swift; path = Team.swift; sourceTree = "<group>"; };
		790C5B622BC245950068F05F /* PreferencesView.swift */ = {isa = PBXFileReference; lastKnownFileType = sourcecode.swift; path = PreferencesView.swift; sourceTree = "<group>"; };
		790C5B652BC246470068F05F /* PreferencesController.swift */ = {isa = PBXFileReference; lastKnownFileType = sourcecode.swift; path = PreferencesController.swift; sourceTree = "<group>"; };
		790C5B682BC246B10068F05F /* UserDefaults_apiKey.swift */ = {isa = PBXFileReference; lastKnownFileType = sourcecode.swift; path = UserDefaults_apiKey.swift; sourceTree = "<group>"; };
		7912636F2BBBA410003C78AF /* StatisticsTable.swift */ = {isa = PBXFileReference; lastKnownFileType = sourcecode.swift; path = StatisticsTable.swift; sourceTree = "<group>"; };
		791263712BBBA490003C78AF /* ViewModel.swift */ = {isa = PBXFileReference; lastKnownFileType = sourcecode.swift; path = ViewModel.swift; sourceTree = "<group>"; };
		79192D512BB7918C00151D6F /* FootballViewer.app */ = {isa = PBXFileReference; explicitFileType = wrapper.application; includeInIndex = 0; path = FootballViewer.app; sourceTree = BUILT_PRODUCTS_DIR; };
		79192D542BB7918C00151D6F /* footballviewerApp.swift */ = {isa = PBXFileReference; lastKnownFileType = sourcecode.swift; path = footballviewerApp.swift; sourceTree = "<group>"; };
		79192D562BB7918C00151D6F /* ContentView.swift */ = {isa = PBXFileReference; lastKnownFileType = sourcecode.swift; path = ContentView.swift; sourceTree = "<group>"; };
		79192D582BB7918D00151D6F /* Assets.xcassets */ = {isa = PBXFileReference; lastKnownFileType = folder.assetcatalog; path = Assets.xcassets; sourceTree = "<group>"; };
		79192D5B2BB7918D00151D6F /* Preview Assets.xcassets */ = {isa = PBXFileReference; lastKnownFileType = folder.assetcatalog; path = "Preview Assets.xcassets"; sourceTree = "<group>"; };
		79192D5D2BB7918D00151D6F /* footballviewer.entitlements */ = {isa = PBXFileReference; lastKnownFileType = text.plist.entitlements; path = footballviewer.entitlements; sourceTree = "<group>"; };
		792396952BC2FAE7003DC58A /* League.swift */ = {isa = PBXFileReference; fileEncoding = 4; lastKnownFileType = sourcecode.swift; path = League.swift; sourceTree = "<group>"; };
		792396962BC2FAE7003DC58A /* Fixtures.swift */ = {isa = PBXFileReference; fileEncoding = 4; lastKnownFileType = sourcecode.swift; path = Fixtures.swift; sourceTree = "<group>"; };
		792396972BC2FAE7003DC58A /* Paging.swift */ = {isa = PBXFileReference; fileEncoding = 4; lastKnownFileType = sourcecode.swift; path = Paging.swift; sourceTree = "<group>"; };
		792396982BC2FAE7003DC58A /* Coverage.swift */ = {isa = PBXFileReference; fileEncoding = 4; lastKnownFileType = sourcecode.swift; path = Coverage.swift; sourceTree = "<group>"; };
		792396992BC2FAE7003DC58A /* Seasons.swift */ = {isa = PBXFileReference; fileEncoding = 4; lastKnownFileType = sourcecode.swift; path = Seasons.swift; sourceTree = "<group>"; };
		7923969A2BC2FAE7003DC58A /* Country.swift */ = {isa = PBXFileReference; fileEncoding = 4; lastKnownFileType = sourcecode.swift; path = Country.swift; sourceTree = "<group>"; };
		7923969C2BC2FAE7003DC58A /* Response.swift */ = {isa = PBXFileReference; fileEncoding = 4; lastKnownFileType = sourcecode.swift; path = Response.swift; sourceTree = "<group>"; };
		7947C1EC2BCAE8B60056AE64 /* data */ = {isa = PBXFileReference; lastKnownFileType = folder; path = data; sourceTree = "<group>"; };
		7972E1072BC9E87D001B1205 /* PlayerLeague.swift */ = {isa = PBXFileReference; fileEncoding = 4; lastKnownFileType = sourcecode.swift; path = PlayerLeague.swift; sourceTree = "<group>"; };
		7972E1092BC9EABD001B1205 /* PlayerTeam.swift */ = {isa = PBXFileReference; fileEncoding = 4; lastKnownFileType = sourcecode.swift; path = PlayerTeam.swift; sourceTree = "<group>"; };
		7972E10B2BC9EAED001B1205 /* SquadTeam.swift */ = {isa = PBXFileReference; fileEncoding = 4; lastKnownFileType = sourcecode.swift; path = SquadTeam.swift; sourceTree = "<group>"; };
		7972E11D2BCA29CB001B1205 /* LeagueJson.swift */ = {isa = PBXFileReference; fileEncoding = 4; lastKnownFileType = sourcecode.swift; path = LeagueJson.swift; sourceTree = "<group>"; };
/* End PBXFileReference section */

/* Begin PBXFrameworksBuildPhase section */
		79192D4E2BB7918C00151D6F /* Frameworks */ = {
			isa = PBXFrameworksBuildPhase;
			buildActionMask = 2147483647;
			files = (
			);
			runOnlyForDeploymentPostprocessing = 0;
		};
/* End PBXFrameworksBuildPhase section */

/* Begin PBXGroup section */
		790B96682BC6E8B400BD52FD /* Country */ = {
			isa = PBXGroup;
			children = (
				7923969A2BC2FAE7003DC58A /* Country.swift */,
				792396982BC2FAE7003DC58A /* Coverage.swift */,
				792396962BC2FAE7003DC58A /* Fixtures.swift */,
				7972E11D2BCA29CB001B1205 /* LeagueJson.swift */,
				792396952BC2FAE7003DC58A /* League.swift */,
				792396972BC2FAE7003DC58A /* Paging.swift */,
				7923969C2BC2FAE7003DC58A /* Response.swift */,
				792396992BC2FAE7003DC58A /* Seasons.swift */,
			);
			path = Country;
			sourceTree = "<group>";
		};
		790B96692BC6E8C600BD52FD /* Player */ = {
			isa = PBXGroup;
			children = (
				7972E1092BC9EABD001B1205 /* PlayerTeam.swift */,
				7972E1072BC9E87D001B1205 /* PlayerLeague.swift */,
				790B96A82BC6EA4E00BD52FD /* PlayerParameters.swift */,
				790B96952BC6E99100BD52FD /* PlayerPaging.swift */,
				790B96942BC6E99100BD52FD /* PlayerResponse.swift */,
				790B96762BC6E8D700BD52FD /* Birth.swift */,
				790B96732BC6E8D700BD52FD /* Cards.swift */,
				790B96782BC6E8D700BD52FD /* Dribbles.swift */,
				790B96712BC6E8D700BD52FD /* Duels.swift */,
				790B96752BC6E8D700BD52FD /* Fouls.swift */,
				790B967A2BC6E8D700BD52FD /* Games.swift */,
				790B967D2BC6E8D700BD52FD /* Goals.swift */,
				790B96922BC6E93800BD52FD /* PlayerJson.swift */,
				790B966D2BC6E8D700BD52FD /* Passes.swift */,
				790B96742BC6E8D700BD52FD /* Penalty.swift */,
				790B96722BC6E8D700BD52FD /* Player.swift */,
				790B966E2BC6E8D700BD52FD /* Shots.swift */,
				790B96702BC6E8D700BD52FD /* Statistics.swift */,
				790B967B2BC6E8D700BD52FD /* Substitutes.swift */,
				790B96772BC6E8D700BD52FD /* Tackles.swift */,
			);
			path = Player;
			sourceTree = "<group>";
		};
		790B96982BC6E9D100BD52FD /* Team */ = {
			isa = PBXGroup;
			children = (
				790B96B12BC6EAB100BD52FD /* Team.swift */,
				790B96AC2BC6EAB100BD52FD /* TeamJson.swift */,
				790B96AE2BC6EAB100BD52FD /* TeamPaging.swift */,
				790B96AD2BC6EAB100BD52FD /* TeamParameters.swift */,
				790B96AF2BC6EAB100BD52FD /* TeamResponse.swift */,
				790B96B02BC6EAB100BD52FD /* Venue.swift */,
			);
			path = Team;
			sourceTree = "<group>";
		};
		790B96992BC6E9D300BD52FD /* Squad */ = {
			isa = PBXGroup;
			children = (
				790B96A62BC6EA3200BD52FD /* SquadParameters.swift */,
				790B969D2BC6E9EE00BD52FD /* Players.swift */,
				790B969E2BC6E9EE00BD52FD /* SquadJson.swift */,
				790B969A2BC6E9EE00BD52FD /* SquadPaging.swift */,
				790B969B2BC6E9EE00BD52FD /* SquadResponse.swift */,
				7972E10B2BC9EAED001B1205 /* SquadTeam.swift */,
			);
			path = Squad;
			sourceTree = "<group>";
		};
		790C5B642BC2463C0068F05F /* Controllers */ = {
			isa = PBXGroup;
			children = (
				790C5B652BC246470068F05F /* PreferencesController.swift */,
			);
			path = Controllers;
			sourceTree = "<group>";
		};
		790C5B672BC246960068F05F /* Extensions */ = {
			isa = PBXGroup;
			children = (
				790C5B682BC246B10068F05F /* UserDefaults_apiKey.swift */,
			);
			path = Extensions;
			sourceTree = "<group>";
		};
		7912636C2BBBA377003C78AF /* Data Models */ = {
			isa = PBXGroup;
			children = (
				790B96992BC6E9D300BD52FD /* Squad */,
				790B96982BC6E9D100BD52FD /* Team */,
				790B96692BC6E8C600BD52FD /* Player */,
				790B96682BC6E8B400BD52FD /* Country */,
			);
			path = "Data Models";
			sourceTree = "<group>";
		};
		7912636D2BBBA382003C78AF /* View Models */ = {
			isa = PBXGroup;
			children = (
				791263712BBBA490003C78AF /* ViewModel.swift */,
			);
			path = "View Models";
			sourceTree = "<group>";
		};
		7912636E2BBBA387003C78AF /* Views */ = {
			isa = PBXGroup;
			children = (
				7912636F2BBBA410003C78AF /* StatisticsTable.swift */,
				790C5B622BC245950068F05F /* PreferencesView.swift */,
				790B96AA2BC6EA6A00BD52FD /* GraphView.swift */,
			);
			path = Views;
			sourceTree = "<group>";
		};
		79192D482BB7918C00151D6F = {
			isa = PBXGroup;
			children = (
				79192D532BB7918C00151D6F /* footballviewer */,
				7947C1EC2BCAE8B60056AE64 /* data */,
				79192D522BB7918C00151D6F /* Products */,
			);
			sourceTree = "<group>";
		};
		79192D522BB7918C00151D6F /* Products */ = {
			isa = PBXGroup;
			children = (
				79192D512BB7918C00151D6F /* FootballViewer.app */,
			);
			name = Products;
			sourceTree = "<group>";
		};
		79192D532BB7918C00151D6F /* footballviewer */ = {
			isa = PBXGroup;
			children = (
				79192D542BB7918C00151D6F /* footballviewerApp.swift */,
				79192D562BB7918C00151D6F /* ContentView.swift */,
				790C5B642BC2463C0068F05F /* Controllers */,
				790C5B672BC246960068F05F /* Extensions */,
				7912636C2BBBA377003C78AF /* Data Models */,
				7912636D2BBBA382003C78AF /* View Models */,
				7912636E2BBBA387003C78AF /* Views */,
				79192D582BB7918D00151D6F /* Assets.xcassets */,
				79192D5D2BB7918D00151D6F /* footballviewer.entitlements */,
				79192D5A2BB7918D00151D6F /* Preview Content */,
			);
			path = footballviewer;
			sourceTree = "<group>";
		};
		79192D5A2BB7918D00151D6F /* Preview Content */ = {
			isa = PBXGroup;
			children = (
				79192D5B2BB7918D00151D6F /* Preview Assets.xcassets */,
			);
			path = "Preview Content";
			sourceTree = "<group>";
		};
/* End PBXGroup section */

/* Begin PBXNativeTarget section */
		79192D502BB7918C00151D6F /* FootballViewer */ = {
			isa = PBXNativeTarget;
			buildConfigurationList = 79192D602BB7918D00151D6F /* Build configuration list for PBXNativeTarget "FootballViewer" */;
			buildPhases = (
				79192D4D2BB7918C00151D6F /* Sources */,
				79192D4E2BB7918C00151D6F /* Frameworks */,
				79192D4F2BB7918C00151D6F /* Resources */,
			);
			buildRules = (
			);
			dependencies = (
			);
			name = FootballViewer;
			productName = footballviewer;
			productReference = 79192D512BB7918C00151D6F /* FootballViewer.app */;
			productType = "com.apple.product-type.application";
		};
/* End PBXNativeTarget section */

/* Begin PBXProject section */
		79192D492BB7918C00151D6F /* Project object */ = {
			isa = PBXProject;
			attributes = {
				BuildIndependentTargetsInParallel = 1;
				LastSwiftUpdateCheck = 1530;
				LastUpgradeCheck = 1530;
				TargetAttributes = {
					79192D502BB7918C00151D6F = {
						CreatedOnToolsVersion = 15.3;
					};
				};
			};
			buildConfigurationList = 79192D4C2BB7918C00151D6F /* Build configuration list for PBXProject "footballviewer" */;
			compatibilityVersion = "Xcode 14.0";
			developmentRegion = en;
			hasScannedForEncodings = 0;
			knownRegions = (
				en,
				Base,
			);
			mainGroup = 79192D482BB7918C00151D6F;
			productRefGroup = 79192D522BB7918C00151D6F /* Products */;
			projectDirPath = "";
			projectRoot = "";
			targets = (
				79192D502BB7918C00151D6F /* FootballViewer */,
			);
		};
/* End PBXProject section */

/* Begin PBXResourcesBuildPhase section */
		79192D4F2BB7918C00151D6F /* Resources */ = {
			isa = PBXResourcesBuildPhase;
			buildActionMask = 2147483647;
			files = (
				79192D5C2BB7918D00151D6F /* Preview Assets.xcassets in Resources */,
				7947C1ED2BCAE8B60056AE64 /* data in Resources */,
				79192D592BB7918D00151D6F /* Assets.xcassets in Resources */,
			);
			runOnlyForDeploymentPostprocessing = 0;
		};
/* End PBXResourcesBuildPhase section */

/* Begin PBXSourcesBuildPhase section */
		79192D4D2BB7918C00151D6F /* Sources */ = {
			isa = PBXSourcesBuildPhase;
			buildActionMask = 2147483647;
			files = (
				790B96A12BC6E9EE00BD52FD /* SquadResponse.swift in Sources */,
				790B96912BC6E8D700BD52FD /* Goals.swift in Sources */,
				7972E11E2BCA29CB001B1205 /* LeagueJson.swift in Sources */,
				79192D572BB7918C00151D6F /* ContentView.swift in Sources */,
				790B96A72BC6EA3200BD52FD /* SquadParameters.swift in Sources */,
				790B96842BC6E8D700BD52FD /* Statistics.swift in Sources */,
				790B968A2BC6E8D700BD52FD /* Birth.swift in Sources */,
				790C5B692BC246B10068F05F /* UserDefaults_apiKey.swift in Sources */,
				790B96862BC6E8D700BD52FD /* Player.swift in Sources */,
				790B96872BC6E8D700BD52FD /* Cards.swift in Sources */,
				790B96A42BC6E9EE00BD52FD /* SquadJson.swift in Sources */,
				790B96B72BC6EAB100BD52FD /* Team.swift in Sources */,
				790B96812BC6E8D700BD52FD /* Passes.swift in Sources */,
				790B96882BC6E8D700BD52FD /* Penalty.swift in Sources */,
				79192D552BB7918C00151D6F /* footballviewerApp.swift in Sources */,
				792396A12BC2FAE7003DC58A /* Seasons.swift in Sources */,
				7972E10C2BC9EAED001B1205 /* SquadTeam.swift in Sources */,
				790B968B2BC6E8D700BD52FD /* Tackles.swift in Sources */,
				790B96A32BC6E9EE00BD52FD /* Players.swift in Sources */,
				790B96B32BC6EAB100BD52FD /* TeamParameters.swift in Sources */,
				790B968F2BC6E8D700BD52FD /* Substitutes.swift in Sources */,
				790B96A92BC6EA4E00BD52FD /* PlayerParameters.swift in Sources */,
				790B96B52BC6EAB100BD52FD /* TeamResponse.swift in Sources */,
				792396A42BC2FAE7003DC58A /* Response.swift in Sources */,
				790C5B662BC246470068F05F /* PreferencesController.swift in Sources */,
				791263722BBBA490003C78AF /* ViewModel.swift in Sources */,
				790B96AB2BC6EA6A00BD52FD /* GraphView.swift in Sources */,
				790B96B22BC6EAB100BD52FD /* TeamJson.swift in Sources */,
				7923969F2BC2FAE7003DC58A /* Paging.swift in Sources */,
				7972E1082BC9E87D001B1205 /* PlayerLeague.swift in Sources */,
				790C5B632BC245950068F05F /* PreferencesView.swift in Sources */,
				790B96962BC6E99100BD52FD /* PlayerResponse.swift in Sources */,
				790B96A02BC6E9EE00BD52FD /* SquadPaging.swift in Sources */,
				7923969D2BC2FAE7003DC58A /* League.swift in Sources */,
				790B968E2BC6E8D700BD52FD /* Games.swift in Sources */,
				792396A22BC2FAE7003DC58A /* Country.swift in Sources */,
				790B96972BC6E99100BD52FD /* PlayerPaging.swift in Sources */,
				790B96B62BC6EAB100BD52FD /* Venue.swift in Sources */,
				792396A02BC2FAE7003DC58A /* Coverage.swift in Sources */,
				790B96822BC6E8D700BD52FD /* Shots.swift in Sources */,
				790B96932BC6E93800BD52FD /* PlayerJson.swift in Sources */,
				791263702BBBA410003C78AF /* StatisticsTable.swift in Sources */,
				790B96B42BC6EAB100BD52FD /* TeamPaging.swift in Sources */,
				790B96892BC6E8D700BD52FD /* Fouls.swift in Sources */,
				790B96852BC6E8D700BD52FD /* Duels.swift in Sources */,
				7923969E2BC2FAE7003DC58A /* Fixtures.swift in Sources */,
				790B968C2BC6E8D700BD52FD /* Dribbles.swift in Sources */,
				7972E10A2BC9EABE001B1205 /* PlayerTeam.swift in Sources */,
			);
			runOnlyForDeploymentPostprocessing = 0;
		};
/* End PBXSourcesBuildPhase section */

/* Begin XCBuildConfiguration section */
		79192D5E2BB7918D00151D6F /* Debug */ = {
			isa = XCBuildConfiguration;
			buildSettings = {
				ALWAYS_SEARCH_USER_PATHS = NO;
				ASSETCATALOG_COMPILER_GENERATE_SWIFT_ASSET_SYMBOL_EXTENSIONS = YES;
				CLANG_ANALYZER_NONNULL = YES;
				CLANG_ANALYZER_NUMBER_OBJECT_CONVERSION = YES_AGGRESSIVE;
				CLANG_CXX_LANGUAGE_STANDARD = "gnu++20";
				CLANG_ENABLE_MODULES = YES;
				CLANG_ENABLE_OBJC_ARC = YES;
				CLANG_ENABLE_OBJC_WEAK = YES;
				CLANG_WARN_BLOCK_CAPTURE_AUTORELEASING = YES;
				CLANG_WARN_BOOL_CONVERSION = YES;
				CLANG_WARN_COMMA = YES;
				CLANG_WARN_CONSTANT_CONVERSION = YES;
				CLANG_WARN_DEPRECATED_OBJC_IMPLEMENTATIONS = YES;
				CLANG_WARN_DIRECT_OBJC_ISA_USAGE = YES_ERROR;
				CLANG_WARN_DOCUMENTATION_COMMENTS = YES;
				CLANG_WARN_EMPTY_BODY = YES;
				CLANG_WARN_ENUM_CONVERSION = YES;
				CLANG_WARN_INFINITE_RECURSION = YES;
				CLANG_WARN_INT_CONVERSION = YES;
				CLANG_WARN_NON_LITERAL_NULL_CONVERSION = YES;
				CLANG_WARN_OBJC_IMPLICIT_RETAIN_SELF = YES;
				CLANG_WARN_OBJC_LITERAL_CONVERSION = YES;
				CLANG_WARN_OBJC_ROOT_CLASS = YES_ERROR;
				CLANG_WARN_QUOTED_INCLUDE_IN_FRAMEWORK_HEADER = YES;
				CLANG_WARN_RANGE_LOOP_ANALYSIS = YES;
				CLANG_WARN_STRICT_PROTOTYPES = YES;
				CLANG_WARN_SUSPICIOUS_MOVE = YES;
				CLANG_WARN_UNGUARDED_AVAILABILITY = YES_AGGRESSIVE;
				CLANG_WARN_UNREACHABLE_CODE = YES;
				CLANG_WARN__DUPLICATE_METHOD_MATCH = YES;
				COPY_PHASE_STRIP = NO;
				DEBUG_INFORMATION_FORMAT = dwarf;
				ENABLE_STRICT_OBJC_MSGSEND = YES;
				ENABLE_TESTABILITY = YES;
				ENABLE_USER_SCRIPT_SANDBOXING = YES;
				GCC_C_LANGUAGE_STANDARD = gnu17;
				GCC_DYNAMIC_NO_PIC = NO;
				GCC_NO_COMMON_BLOCKS = YES;
				GCC_OPTIMIZATION_LEVEL = 0;
				GCC_PREPROCESSOR_DEFINITIONS = (
					"DEBUG=1",
					"$(inherited)",
				);
				GCC_WARN_64_TO_32_BIT_CONVERSION = YES;
				GCC_WARN_ABOUT_RETURN_TYPE = YES_ERROR;
				GCC_WARN_UNDECLARED_SELECTOR = YES;
				GCC_WARN_UNINITIALIZED_AUTOS = YES_AGGRESSIVE;
				GCC_WARN_UNUSED_FUNCTION = YES;
				GCC_WARN_UNUSED_VARIABLE = YES;
				LOCALIZATION_PREFERS_STRING_CATALOGS = YES;
				MACOSX_DEPLOYMENT_TARGET = 14.3;
				MTL_ENABLE_DEBUG_INFO = INCLUDE_SOURCE;
				MTL_FAST_MATH = YES;
				ONLY_ACTIVE_ARCH = YES;
				SDKROOT = macosx;
				SWIFT_ACTIVE_COMPILATION_CONDITIONS = "DEBUG $(inherited)";
				SWIFT_OPTIMIZATION_LEVEL = "-Onone";
			};
			name = Debug;
		};
		79192D5F2BB7918D00151D6F /* Release */ = {
			isa = XCBuildConfiguration;
			buildSettings = {
				ALWAYS_SEARCH_USER_PATHS = NO;
				ASSETCATALOG_COMPILER_GENERATE_SWIFT_ASSET_SYMBOL_EXTENSIONS = YES;
				CLANG_ANALYZER_NONNULL = YES;
				CLANG_ANALYZER_NUMBER_OBJECT_CONVERSION = YES_AGGRESSIVE;
				CLANG_CXX_LANGUAGE_STANDARD = "gnu++20";
				CLANG_ENABLE_MODULES = YES;
				CLANG_ENABLE_OBJC_ARC = YES;
				CLANG_ENABLE_OBJC_WEAK = YES;
				CLANG_WARN_BLOCK_CAPTURE_AUTORELEASING = YES;
				CLANG_WARN_BOOL_CONVERSION = YES;
				CLANG_WARN_COMMA = YES;
				CLANG_WARN_CONSTANT_CONVERSION = YES;
				CLANG_WARN_DEPRECATED_OBJC_IMPLEMENTATIONS = YES;
				CLANG_WARN_DIRECT_OBJC_ISA_USAGE = YES_ERROR;
				CLANG_WARN_DOCUMENTATION_COMMENTS = YES;
				CLANG_WARN_EMPTY_BODY = YES;
				CLANG_WARN_ENUM_CONVERSION = YES;
				CLANG_WARN_INFINITE_RECURSION = YES;
				CLANG_WARN_INT_CONVERSION = YES;
				CLANG_WARN_NON_LITERAL_NULL_CONVERSION = YES;
				CLANG_WARN_OBJC_IMPLICIT_RETAIN_SELF = YES;
				CLANG_WARN_OBJC_LITERAL_CONVERSION = YES;
				CLANG_WARN_OBJC_ROOT_CLASS = YES_ERROR;
				CLANG_WARN_QUOTED_INCLUDE_IN_FRAMEWORK_HEADER = YES;
				CLANG_WARN_RANGE_LOOP_ANALYSIS = YES;
				CLANG_WARN_STRICT_PROTOTYPES = YES;
				CLANG_WARN_SUSPICIOUS_MOVE = YES;
				CLANG_WARN_UNGUARDED_AVAILABILITY = YES_AGGRESSIVE;
				CLANG_WARN_UNREACHABLE_CODE = YES;
				CLANG_WARN__DUPLICATE_METHOD_MATCH = YES;
				COPY_PHASE_STRIP = NO;
				DEBUG_INFORMATION_FORMAT = "dwarf-with-dsym";
				ENABLE_NS_ASSERTIONS = NO;
				ENABLE_STRICT_OBJC_MSGSEND = YES;
				ENABLE_USER_SCRIPT_SANDBOXING = YES;
				GCC_C_LANGUAGE_STANDARD = gnu17;
				GCC_NO_COMMON_BLOCKS = YES;
				GCC_WARN_64_TO_32_BIT_CONVERSION = YES;
				GCC_WARN_ABOUT_RETURN_TYPE = YES_ERROR;
				GCC_WARN_UNDECLARED_SELECTOR = YES;
				GCC_WARN_UNINITIALIZED_AUTOS = YES_AGGRESSIVE;
				GCC_WARN_UNUSED_FUNCTION = YES;
				GCC_WARN_UNUSED_VARIABLE = YES;
				LOCALIZATION_PREFERS_STRING_CATALOGS = YES;
				MACOSX_DEPLOYMENT_TARGET = 14.3;
				MTL_ENABLE_DEBUG_INFO = NO;
				MTL_FAST_MATH = YES;
				SDKROOT = macosx;
				SWIFT_COMPILATION_MODE = wholemodule;
			};
			name = Release;
		};
		79192D612BB7918D00151D6F /* Debug */ = {
			isa = XCBuildConfiguration;
			buildSettings = {
				ASSETCATALOG_COMPILER_APPICON_NAME = AppIcon;
				ASSETCATALOG_COMPILER_GLOBAL_ACCENT_COLOR_NAME = AccentColor;
				CODE_SIGN_ENTITLEMENTS = footballviewer/footballviewer.entitlements;
				CODE_SIGN_STYLE = Automatic;
				COMBINE_HIDPI_IMAGES = YES;
				CURRENT_PROJECT_VERSION = 1;
				DEVELOPMENT_ASSET_PATHS = "\"footballviewer/Preview Content\"";
				DEVELOPMENT_TEAM = 2KGN6HJX33;
				ENABLE_HARDENED_RUNTIME = YES;
				ENABLE_PREVIEWS = YES;
				GENERATE_INFOPLIST_FILE = YES;
				INFOPLIST_KEY_NSHumanReadableCopyright = "";
				LD_RUNPATH_SEARCH_PATHS = (
					"$(inherited)",
					"@executable_path/../Frameworks",
				);
				MARKETING_VERSION = 1.0;
				PRODUCT_BUNDLE_IDENTIFIER = me.erichards.footballviewer;
				PRODUCT_NAME = "$(TARGET_NAME)";
				SWIFT_EMIT_LOC_STRINGS = YES;
				SWIFT_VERSION = 5.0;
			};
			name = Debug;
		};
		79192D622BB7918D00151D6F /* Release */ = {
			isa = XCBuildConfiguration;
			buildSettings = {
				ASSETCATALOG_COMPILER_APPICON_NAME = AppIcon;
				ASSETCATALOG_COMPILER_GLOBAL_ACCENT_COLOR_NAME = AccentColor;
				CODE_SIGN_ENTITLEMENTS = footballviewer/footballviewer.entitlements;
				CODE_SIGN_STYLE = Automatic;
				COMBINE_HIDPI_IMAGES = YES;
				CURRENT_PROJECT_VERSION = 1;
				DEVELOPMENT_ASSET_PATHS = "\"footballviewer/Preview Content\"";
				DEVELOPMENT_TEAM = 2KGN6HJX33;
				ENABLE_HARDENED_RUNTIME = YES;
				ENABLE_PREVIEWS = YES;
				GENERATE_INFOPLIST_FILE = YES;
				INFOPLIST_KEY_NSHumanReadableCopyright = "";
				LD_RUNPATH_SEARCH_PATHS = (
					"$(inherited)",
					"@executable_path/../Frameworks",
				);
				MARKETING_VERSION = 1.0;
				PRODUCT_BUNDLE_IDENTIFIER = me.erichards.footballviewer;
				PRODUCT_NAME = "$(TARGET_NAME)";
				SWIFT_EMIT_LOC_STRINGS = YES;
				SWIFT_VERSION = 5.0;
			};
			name = Release;
		};
/* End XCBuildConfiguration section */

/* Begin XCConfigurationList section */
		79192D4C2BB7918C00151D6F /* Build configuration list for PBXProject "footballviewer" */ = {
			isa = XCConfigurationList;
			buildConfigurations = (
				79192D5E2BB7918D00151D6F /* Debug */,
				79192D5F2BB7918D00151D6F /* Release */,
			);
			defaultConfigurationIsVisible = 0;
			defaultConfigurationName = Release;
		};
		79192D602BB7918D00151D6F /* Build configuration list for PBXNativeTarget "FootballViewer" */ = {
			isa = XCConfigurationList;
			buildConfigurations = (
				79192D612BB7918D00151D6F /* Debug */,
				79192D622BB7918D00151D6F /* Release */,
			);
			defaultConfigurationIsVisible = 0;
			defaultConfigurationName = Release;
		};
/* End XCConfigurationList section */
	};
	rootObject = 79192D492BB7918C00151D6F /* Project object */;
}
